
Microsoft Visual Studio Solution File, Format Version 12.00
# Visual Studio Version 17
VisualStudioVersion = 17.3.32929.385
MinimumVisualStudioVersion = 10.0.40219.1
Project("{FAE04EC0-301F-11D3-BF4B-00C04F79EFBC}") = "OOP Homework №2", "OOP Homework №2\OOP Homework №2.csproj", "{559E09C0-8EA5-4A55-AFBB-6E5E5295EF53}"
EndProject
Global
	GlobalSection(SolutionConfigurationPlatforms) = preSolution
		Debug|Any CPU = Debug|Any CPU
		Release|Any CPU = Release|Any CPU
	EndGlobalSection
	GlobalSection(ProjectConfigurationPlatforms) = postSolution
		{559E09C0-8EA5-4A55-AFBB-6E5E5295EF53}.Debug|Any CPU.ActiveCfg = Debug|Any CPU
		{559E09C0-8EA5-4A55-AFBB-6E5E5295EF53}.Debug|Any CPU.Build.0 = Debug|Any CPU
		{559E09C0-8EA5-4A55-AFBB-6E5E5295EF53}.Release|Any CPU.ActiveCfg = Release|Any CPU
		{559E09C0-8EA5-4A55-AFBB-6E5E5295EF53}.Release|Any CPU.Build.0 = Release|Any CPU
	EndGlobalSection
	GlobalSection(SolutionProperties) = preSolution
		HideSolutionNode = FALSE
	EndGlobalSection
	GlobalSection(ExtensibilityGlobals) = postSolution
		SolutionGuid = {7E3D4183-25B4-4635-805E-EA0CF10972F6}
	EndGlobalSection
EndGlobal
